
Microsoft Visual Studio Solution File, Format Version 12.00
# Visual Studio Version 16
VisualStudioVersion = 16.0.31624.102
MinimumVisualStudioVersion = 10.0.40219.1
Project("{FAE04EC0-301F-11D3-BF4B-00C04F79EFBC}") = "TIAApp", "TIAApp\TIAApp.csproj", "{B3F60468-EBB7-47BE-8C8C-C086A6448D15}"
EndProject
Global
	GlobalSection(SolutionConfigurationPlatforms) = preSolution
		Debug|Any CPU = Debug|Any CPU
		Debug|x64 = Debug|x64
		Release|Any CPU = Release|Any CPU
		Release|x64 = Release|x64
	EndGlobalSection
	GlobalSection(ProjectConfigurationPlatforms) = postSolution
		{B3F60468-EBB7-47BE-8C8C-C086A6448D15}.Debug|Any CPU.ActiveCfg = Debug|Any CPU
		{B3F60468-EBB7-47BE-8C8C-C086A6448D15}.Debug|Any CPU.Build.0 = Debug|Any CPU
		{B3F60468-EBB7-47BE-8C8C-C086A6448D15}.Debug|x64.ActiveCfg = Debug|x64
		{B3F60468-EBB7-47BE-8C8C-C086A6448D15}.Debug|x64.Build.0 = Debug|x64
		{B3F60468-EBB7-47BE-8C8C-C086A6448D15}.Release|Any CPU.ActiveCfg = Release|Any CPU
		{B3F60468-EBB7-47BE-8C8C-C086A6448D15}.Release|Any CPU.Build.0 = Release|Any CPU
		{B3F60468-EBB7-47BE-8C8C-C086A6448D15}.Release|x64.ActiveCfg = Release|x64
		{B3F60468-EBB7-47BE-8C8C-C086A6448D15}.Release|x64.Build.0 = Release|x64
	EndGlobalSection
	GlobalSection(SolutionProperties) = preSolution
		HideSolutionNode = FALSE
	EndGlobalSection
	GlobalSection(ExtensibilityGlobals) = postSolution
		SolutionGuid = {8BDB015A-C77F-4825-A85D-2B79D7AE85C6}
	EndGlobalSection
EndGlobal
